// !$*UTF8*$!
{
	archiveVersion = 1;
	classes = {
	};
	objectVersion = 56;
	objects = {

/* Begin PBXBuildFile section */
		8843A47F29BF9DF8004901AE /* welcomeview.swift in Sources */ = {isa = PBXBuildFile; fileRef = 8843A47E29BF9DF8004901AE /* welcomeview.swift */; };
		88BC22F129BD2A8000AC1CA0 /* AIsoccercoach3App.swift in Sources */ = {isa = PBXBuildFile; fileRef = 88BC22F029BD2A8000AC1CA0 /* AIsoccercoach3App.swift */; };
		88BC22F329BD2A8000AC1CA0 /* launchview.swift in Sources */ = {isa = PBXBuildFile; fileRef = 88BC22F229BD2A8000AC1CA0 /* launchview.swift */; };
		88BC22F529BD2A8100AC1CA0 /* Assets.xcassets in Resources */ = {isa = PBXBuildFile; fileRef = 88BC22F429BD2A8100AC1CA0 /* Assets.xcassets */; };
		88BC22F829BD2A8100AC1CA0 /* Preview Assets.xcassets in Resources */ = {isa = PBXBuildFile; fileRef = 88BC22F729BD2A8100AC1CA0 /* Preview Assets.xcassets */; };
		88BC230429BD2FF100AC1CA0 /* contentmodel.swift in Sources */ = {isa = PBXBuildFile; fileRef = 88BC230329BD2FF100AC1CA0 /* contentmodel.swift */; };
		88DE760B29D8C37700A0132A /* imagepicker.swift in Sources */ = {isa = PBXBuildFile; fileRef = 88DE760A29D8C37700A0132A /* imagepicker.swift */; };
		88DE760D29D8C3C800A0132A /* resultview.swift in Sources */ = {isa = PBXBuildFile; fileRef = 88DE760C29D8C3C800A0132A /* resultview.swift */; };
		88DE760F29D8C5C200A0132A /* homeview.swift in Sources */ = {isa = PBXBuildFile; fileRef = 88DE760E29D8C5C200A0132A /* homeview.swift */; };
		88DE761129D8CA1100A0132A /* videoselectionview.swift in Sources */ = {isa = PBXBuildFile; fileRef = 88DE761029D8CA1100A0132A /* videoselectionview.swift */; };
/* End PBXBuildFile section */

/* Begin PBXFileReference section */
		8843A47E29BF9DF8004901AE /* welcomeview.swift */ = {isa = PBXFileReference; lastKnownFileType = sourcecode.swift; path = welcomeview.swift; sourceTree = "<group>"; };
		88BC22ED29BD2A8000AC1CA0 /* AIsoccercoach3.app */ = {isa = PBXFileReference; explicitFileType = wrapper.application; includeInIndex = 0; path = AIsoccercoach3.app; sourceTree = BUILT_PRODUCTS_DIR; };
		88BC22F029BD2A8000AC1CA0 /* AIsoccercoach3App.swift */ = {isa = PBXFileReference; lastKnownFileType = sourcecode.swift; path = AIsoccercoach3App.swift; sourceTree = "<group>"; };
		88BC22F229BD2A8000AC1CA0 /* launchview.swift */ = {isa = PBXFileReference; lastKnownFileType = sourcecode.swift; path = launchview.swift; sourceTree = "<group>"; };
		88BC22F429BD2A8100AC1CA0 /* Assets.xcassets */ = {isa = PBXFileReference; lastKnownFileType = folder.assetcatalog; path = Assets.xcassets; sourceTree = "<group>"; };
		88BC22F729BD2A8100AC1CA0 /* Preview Assets.xcassets */ = {isa = PBXFileReference; lastKnownFileType = folder.assetcatalog; path = "Preview Assets.xcassets"; sourceTree = "<group>"; };
		88BC230329BD2FF100AC1CA0 /* contentmodel.swift */ = {isa = PBXFileReference; lastKnownFileType = sourcecode.swift; path = contentmodel.swift; sourceTree = "<group>"; };
		88DE760A29D8C37700A0132A /* imagepicker.swift */ = {isa = PBXFileReference; fileEncoding = 4; lastKnownFileType = sourcecode.swift; path = imagepicker.swift; sourceTree = "<group>"; };
		88DE760C29D8C3C800A0132A /* resultview.swift */ = {isa = PBXFileReference; lastKnownFileType = sourcecode.swift; path = resultview.swift; sourceTree = "<group>"; };
		88DE760E29D8C5C200A0132A /* homeview.swift */ = {isa = PBXFileReference; lastKnownFileType = sourcecode.swift; path = homeview.swift; sourceTree = "<group>"; };
		88DE761029D8CA1100A0132A /* videoselectionview.swift */ = {isa = PBXFileReference; lastKnownFileType = sourcecode.swift; path = videoselectionview.swift; sourceTree = "<group>"; };
/* End PBXFileReference section */

/* Begin PBXFrameworksBuildPhase section */
		88BC22EA29BD2A8000AC1CA0 /* Frameworks */ = {
			isa = PBXFrameworksBuildPhase;
			buildActionMask = 2147483647;
			files = (
			);
			runOnlyForDeploymentPostprocessing = 0;
		};
/* End PBXFrameworksBuildPhase section */

/* Begin PBXGroup section */
		8843A47929BF922F004901AE /* resources */ = {
			isa = PBXGroup;
			children = (
			);
			path = resources;
			sourceTree = "<group>";
		};
		88BC22E429BD2A8000AC1CA0 = {
			isa = PBXGroup;
			children = (
				88BC22EF29BD2A8000AC1CA0 /* AIsoccercoach3 */,
				88BC22EE29BD2A8000AC1CA0 /* Products */,
			);
			sourceTree = "<group>";
		};
		88BC22EE29BD2A8000AC1CA0 /* Products */ = {
			isa = PBXGroup;
			children = (
				88BC22ED29BD2A8000AC1CA0 /* AIsoccercoach3.app */,
			);
			name = Products;
			sourceTree = "<group>";
		};
		88BC22EF29BD2A8000AC1CA0 /* AIsoccercoach3 */ = {
			isa = PBXGroup;
			children = (
				88BC22F029BD2A8000AC1CA0 /* AIsoccercoach3App.swift */,
				88BC22FE29BD2AB300AC1CA0 /* Views */,
				88BC22FF29BD2ABA00AC1CA0 /* ViewModels */,
				88BC230029BD2AC300AC1CA0 /* Models */,
				8843A47929BF922F004901AE /* resources */,
				88BC22F429BD2A8100AC1CA0 /* Assets.xcassets */,
				88BC22F629BD2A8100AC1CA0 /* Preview Content */,
			);
			path = AIsoccercoach3;
			sourceTree = "<group>";
		};
		88BC22F629BD2A8100AC1CA0 /* Preview Content */ = {
			isa = PBXGroup;
			children = (
				88BC22F729BD2A8100AC1CA0 /* Preview Assets.xcassets */,
			);
			path = "Preview Content";
			sourceTree = "<group>";
		};
		88BC22FE29BD2AB300AC1CA0 /* Views */ = {
			isa = PBXGroup;
			children = (
				88BC22F229BD2A8000AC1CA0 /* launchview.swift */,
				8843A47E29BF9DF8004901AE /* welcomeview.swift */,
				88DE760E29D8C5C200A0132A /* homeview.swift */,
				88DE761029D8CA1100A0132A /* videoselectionview.swift */,
				88DE760C29D8C3C800A0132A /* resultview.swift */,
				88DE760A29D8C37700A0132A /* imagepicker.swift */,
			);
			path = Views;
			sourceTree = "<group>";
		};
		88BC22FF29BD2ABA00AC1CA0 /* ViewModels */ = {
			isa = PBXGroup;
			children = (
				88BC230329BD2FF100AC1CA0 /* contentmodel.swift */,
			);
			path = ViewModels;
			sourceTree = "<group>";
		};
		88BC230029BD2AC300AC1CA0 /* Models */ = {
			isa = PBXGroup;
			children = (
			);
			path = Models;
			sourceTree = "<group>";
		};
/* End PBXGroup section */

/* Begin PBXNativeTarget section */
		88BC22EC29BD2A8000AC1CA0 /* AIsoccercoach3 */ = {
			isa = PBXNativeTarget;
			buildConfigurationList = 88BC22FB29BD2A8100AC1CA0 /* Build configuration list for PBXNativeTarget "AIsoccercoach3" */;
			buildPhases = (
				88BC22E929BD2A8000AC1CA0 /* Sources */,
				88BC22EA29BD2A8000AC1CA0 /* Frameworks */,
				88BC22EB29BD2A8000AC1CA0 /* Resources */,
			);
			buildRules = (
			);
			dependencies = (
			);
			name = AIsoccercoach3;
			productName = AIsoccercoach1;
			productReference = 88BC22ED29BD2A8000AC1CA0 /* AIsoccercoach3.app */;
			productType = "com.apple.product-type.application";
		};
/* End PBXNativeTarget section */

/* Begin PBXProject section */
		88BC22E529BD2A8000AC1CA0 /* Project object */ = {
			isa = PBXProject;
			attributes = {
				BuildIndependentTargetsInParallel = 1;
				LastSwiftUpdateCheck = 1420;
				LastUpgradeCheck = 1420;
				TargetAttributes = {
					88BC22EC29BD2A8000AC1CA0 = {
						CreatedOnToolsVersion = 14.2;
					};
				};
			};
			buildConfigurationList = 88BC22E829BD2A8000AC1CA0 /* Build configuration list for PBXProject "AIsoccercoach3" */;
			compatibilityVersion = "Xcode 14.0";
			developmentRegion = en;
			hasScannedForEncodings = 0;
			knownRegions = (
				en,
				Base,
			);
			mainGroup = 88BC22E429BD2A8000AC1CA0;
			productRefGroup = 88BC22EE29BD2A8000AC1CA0 /* Products */;
			projectDirPath = "";
			projectRoot = "";
			targets = (
				88BC22EC29BD2A8000AC1CA0 /* AIsoccercoach3 */,
			);
		};
/* End PBXProject section */

/* Begin PBXResourcesBuildPhase section */
		88BC22EB29BD2A8000AC1CA0 /* Resources */ = {
			isa = PBXResourcesBuildPhase;
			buildActionMask = 2147483647;
			files = (
				88BC22F829BD2A8100AC1CA0 /* Preview Assets.xcassets in Resources */,
				88BC22F529BD2A8100AC1CA0 /* Assets.xcassets in Resources */,
			);
			runOnlyForDeploymentPostprocessing = 0;
		};
/* End PBXResourcesBuildPhase section */

/* Begin PBXSourcesBuildPhase section */
		88BC22E929BD2A8000AC1CA0 /* Sources */ = {
			isa = PBXSourcesBuildPhase;
			buildActionMask = 2147483647;
			files = (
				88DE760F29D8C5C200A0132A /* homeview.swift in Sources */,
				88BC22F329BD2A8000AC1CA0 /* launchview.swift in Sources */,
				88DE760B29D8C37700A0132A /* imagepicker.swift in Sources */,
				88BC22F129BD2A8000AC1CA0 /* AIsoccercoach3App.swift in Sources */,
				88BC230429BD2FF100AC1CA0 /* contentmodel.swift in Sources */,
				88DE760D29D8C3C800A0132A /* resultview.swift in Sources */,
				88DE761129D8CA1100A0132A /* videoselectionview.swift in Sources */,
				8843A47F29BF9DF8004901AE /* welcomeview.swift in Sources */,
			);
			runOnlyForDeploymentPostprocessing = 0;
		};
/* End PBXSourcesBuildPhase section */

/* Begin XCBuildConfiguration section */
		88BC22F929BD2A8100AC1CA0 /* Debug */ = {
			isa = XCBuildConfiguration;
			buildSettings = {
				ALWAYS_SEARCH_USER_PATHS = NO;
				CLANG_ANALYZER_NONNULL = YES;
				CLANG_ANALYZER_NUMBER_OBJECT_CONVERSION = YES_AGGRESSIVE;
				CLANG_CXX_LANGUAGE_STANDARD = "gnu++20";
				CLANG_ENABLE_MODULES = YES;
				CLANG_ENABLE_OBJC_ARC = YES;
				CLANG_ENABLE_OBJC_WEAK = YES;
				CLANG_WARN_BLOCK_CAPTURE_AUTORELEASING = YES;
				CLANG_WARN_BOOL_CONVERSION = YES;
				CLANG_WARN_COMMA = YES;
				CLANG_WARN_CONSTANT_CONVERSION = YES;
				CLANG_WARN_DEPRECATED_OBJC_IMPLEMENTATIONS = YES;
				CLANG_WARN_DIRECT_OBJC_ISA_USAGE = YES_ERROR;
				CLANG_WARN_DOCUMENTATION_COMMENTS = YES;
				CLANG_WARN_EMPTY_BODY = YES;
				CLANG_WARN_ENUM_CONVERSION = YES;
				CLANG_WARN_INFINITE_RECURSION = YES;
				CLANG_WARN_INT_CONVERSION = YES;
				CLANG_WARN_NON_LITERAL_NULL_CONVERSION = YES;
				CLANG_WARN_OBJC_IMPLICIT_RETAIN_SELF = YES;
				CLANG_WARN_OBJC_LITERAL_CONVERSION = YES;
				CLANG_WARN_OBJC_ROOT_CLASS = YES_ERROR;
				CLANG_WARN_QUOTED_INCLUDE_IN_FRAMEWORK_HEADER = YES;
				CLANG_WARN_RANGE_LOOP_ANALYSIS = YES;
				CLANG_WARN_STRICT_PROTOTYPES = YES;
				CLANG_WARN_SUSPICIOUS_MOVE = YES;
				CLANG_WARN_UNGUARDED_AVAILABILITY = YES_AGGRESSIVE;
				CLANG_WARN_UNREACHABLE_CODE = YES;
				CLANG_WARN__DUPLICATE_METHOD_MATCH = YES;
				COPY_PHASE_STRIP = NO;
				DEBUG_INFORMATION_FORMAT = dwarf;
				ENABLE_STRICT_OBJC_MSGSEND = YES;
				ENABLE_TESTABILITY = YES;
				GCC_C_LANGUAGE_STANDARD = gnu11;
				GCC_DYNAMIC_NO_PIC = NO;
				GCC_NO_COMMON_BLOCKS = YES;
				GCC_OPTIMIZATION_LEVEL = 0;
				GCC_PREPROCESSOR_DEFINITIONS = (
					"DEBUG=1",
					"$(inherited)",
				);
				GCC_WARN_64_TO_32_BIT_CONVERSION = YES;
				GCC_WARN_ABOUT_RETURN_TYPE = YES_ERROR;
				GCC_WARN_UNDECLARED_SELECTOR = YES;
				GCC_WARN_UNINITIALIZED_AUTOS = YES_AGGRESSIVE;
				GCC_WARN_UNUSED_FUNCTION = YES;
				GCC_WARN_UNUSED_VARIABLE = YES;
				IPHONEOS_DEPLOYMENT_TARGET = 16.2;
				MTL_ENABLE_DEBUG_INFO = INCLUDE_SOURCE;
				MTL_FAST_MATH = YES;
				ONLY_ACTIVE_ARCH = YES;
				SDKROOT = iphoneos;
				SWIFT_ACTIVE_COMPILATION_CONDITIONS = DEBUG;
				SWIFT_OPTIMIZATION_LEVEL = "-Onone";
			};
			name = Debug;
		};
		88BC22FA29BD2A8100AC1CA0 /* Release */ = {
			isa = XCBuildConfiguration;
			buildSettings = {
				ALWAYS_SEARCH_USER_PATHS = NO;
				CLANG_ANALYZER_NONNULL = YES;
				CLANG_ANALYZER_NUMBER_OBJECT_CONVERSION = YES_AGGRESSIVE;
				CLANG_CXX_LANGUAGE_STANDARD = "gnu++20";
				CLANG_ENABLE_MODULES = YES;
				CLANG_ENABLE_OBJC_ARC = YES;
				CLANG_ENABLE_OBJC_WEAK = YES;
				CLANG_WARN_BLOCK_CAPTURE_AUTORELEASING = YES;
				CLANG_WARN_BOOL_CONVERSION = YES;
				CLANG_WARN_COMMA = YES;
				CLANG_WARN_CONSTANT_CONVERSION = YES;
				CLANG_WARN_DEPRECATED_OBJC_IMPLEMENTATIONS = YES;
				CLANG_WARN_DIRECT_OBJC_ISA_USAGE = YES_ERROR;
				CLANG_WARN_DOCUMENTATION_COMMENTS = YES;
				CLANG_WARN_EMPTY_BODY = YES;
				CLANG_WARN_ENUM_CONVERSION = YES;
				CLANG_WARN_INFINITE_RECURSION = YES;
				CLANG_WARN_INT_CONVERSION = YES;
				CLANG_WARN_NON_LITERAL_NULL_CONVERSION = YES;
				CLANG_WARN_OBJC_IMPLICIT_RETAIN_SELF = YES;
				CLANG_WARN_OBJC_LITERAL_CONVERSION = YES;
				CLANG_WARN_OBJC_ROOT_CLASS = YES_ERROR;
				CLANG_WARN_QUOTED_INCLUDE_IN_FRAMEWORK_HEADER = YES;
				CLANG_WARN_RANGE_LOOP_ANALYSIS = YES;
				CLANG_WARN_STRICT_PROTOTYPES = YES;
				CLANG_WARN_SUSPICIOUS_MOVE = YES;
				CLANG_WARN_UNGUARDED_AVAILABILITY = YES_AGGRESSIVE;
				CLANG_WARN_UNREACHABLE_CODE = YES;
				CLANG_WARN__DUPLICATE_METHOD_MATCH = YES;
				COPY_PHASE_STRIP = NO;
				DEBUG_INFORMATION_FORMAT = "dwarf-with-dsym";
				ENABLE_NS_ASSERTIONS = NO;
				ENABLE_STRICT_OBJC_MSGSEND = YES;
				GCC_C_LANGUAGE_STANDARD = gnu11;
				GCC_NO_COMMON_BLOCKS = YES;
				GCC_WARN_64_TO_32_BIT_CONVERSION = YES;
				GCC_WARN_ABOUT_RETURN_TYPE = YES_ERROR;
				GCC_WARN_UNDECLARED_SELECTOR = YES;
				GCC_WARN_UNINITIALIZED_AUTOS = YES_AGGRESSIVE;
				GCC_WARN_UNUSED_FUNCTION = YES;
				GCC_WARN_UNUSED_VARIABLE = YES;
				IPHONEOS_DEPLOYMENT_TARGET = 16.2;
				MTL_ENABLE_DEBUG_INFO = NO;
				MTL_FAST_MATH = YES;
				SDKROOT = iphoneos;
				SWIFT_COMPILATION_MODE = wholemodule;
				SWIFT_OPTIMIZATION_LEVEL = "-O";
				VALIDATE_PRODUCT = YES;
			};
			name = Release;
		};
		88BC22FC29BD2A8100AC1CA0 /* Debug */ = {
			isa = XCBuildConfiguration;
			buildSettings = {
				ASSETCATALOG_COMPILER_APPICON_NAME = AppIcon;
				ASSETCATALOG_COMPILER_GLOBAL_ACCENT_COLOR_NAME = AccentColor;
				CODE_SIGN_STYLE = Automatic;
				CURRENT_PROJECT_VERSION = 1;
				DEVELOPMENT_ASSET_PATHS = "\"AIsoccercoach3/Preview Content\"";
				ENABLE_PREVIEWS = YES;
				GENERATE_INFOPLIST_FILE = YES;
				INFOPLIST_KEY_UIApplicationSceneManifest_Generation = YES;
				INFOPLIST_KEY_UIApplicationSupportsIndirectInputEvents = YES;
				INFOPLIST_KEY_UILaunchScreen_Generation = YES;
				INFOPLIST_KEY_UISupportedInterfaceOrientations_iPad = "UIInterfaceOrientationPortrait UIInterfaceOrientationPortraitUpsideDown UIInterfaceOrientationLandscapeLeft UIInterfaceOrientationLandscapeRight";
				INFOPLIST_KEY_UISupportedInterfaceOrientations_iPhone = "UIInterfaceOrientationPortrait UIInterfaceOrientationLandscapeLeft UIInterfaceOrientationLandscapeRight";
				LD_RUNPATH_SEARCH_PATHS = (
					"$(inherited)",
					"@executable_path/Frameworks",
				);
				MARKETING_VERSION = 1.0;
				PRODUCT_BUNDLE_IDENTIFIER = mj.AIsoccercoach1;
				PRODUCT_NAME = "$(TARGET_NAME)";
				SWIFT_EMIT_LOC_STRINGS = YES;
				SWIFT_VERSION = 5.0;
				TARGETED_DEVICE_FAMILY = "1,2";
			};
			name = Debug;
		};
		88BC22FD29BD2A8100AC1CA0 /* Release */ = {
			isa = XCBuildConfiguration;
			buildSettings = {
				ASSETCATALOG_COMPILER_APPICON_NAME = AppIcon;
				ASSETCATALOG_COMPILER_GLOBAL_ACCENT_COLOR_NAME = AccentColor;
				CODE_SIGN_STYLE = Automatic;
				CURRENT_PROJECT_VERSION = 1;
				DEVELOPMENT_ASSET_PATHS = "\"AIsoccercoach3/Preview Content\"";
				ENABLE_PREVIEWS = YES;
				GENERATE_INFOPLIST_FILE = YES;
				INFOPLIST_KEY_UIApplicationSceneManifest_Generation = YES;
				INFOPLIST_KEY_UIApplicationSupportsIndirectInputEvents = YES;
				INFOPLIST_KEY_UILaunchScreen_Generation = YES;
				INFOPLIST_KEY_UISupportedInterfaceOrientations_iPad = "UIInterfaceOrientationPortrait UIInterfaceOrientationPortraitUpsideDown UIInterfaceOrientationLandscapeLeft UIInterfaceOrientationLandscapeRight";
				INFOPLIST_KEY_UISupportedInterfaceOrientations_iPhone = "UIInterfaceOrientationPortrait UIInterfaceOrientationLandscapeLeft UIInterfaceOrientationLandscapeRight";
				LD_RUNPATH_SEARCH_PATHS = (
					"$(inherited)",
					"@executable_path/Frameworks",
				);
				MARKETING_VERSION = 1.0;
				PRODUCT_BUNDLE_IDENTIFIER = mj.AIsoccercoach1;
				PRODUCT_NAME = "$(TARGET_NAME)";
				SWIFT_EMIT_LOC_STRINGS = YES;
				SWIFT_VERSION = 5.0;
				TARGETED_DEVICE_FAMILY = "1,2";
			};
			name = Release;
		};
/* End XCBuildConfiguration section */

/* Begin XCConfigurationList section */
		88BC22E829BD2A8000AC1CA0 /* Build configuration list for PBXProject "AIsoccercoach3" */ = {
			isa = XCConfigurationList;
			buildConfigurations = (
				88BC22F929BD2A8100AC1CA0 /* Debug */,
				88BC22FA29BD2A8100AC1CA0 /* Release */,
			);
			defaultConfigurationIsVisible = 0;
			defaultConfigurationName = Release;
		};
		88BC22FB29BD2A8100AC1CA0 /* Build configuration list for PBXNativeTarget "AIsoccercoach3" */ = {
			isa = XCConfigurationList;
			buildConfigurations = (
				88BC22FC29BD2A8100AC1CA0 /* Debug */,
				88BC22FD29BD2A8100AC1CA0 /* Release */,
			);
			defaultConfigurationIsVisible = 0;
			defaultConfigurationName = Release;
		};
/* End XCConfigurationList section */
	};
	rootObject = 88BC22E529BD2A8000AC1CA0 /* Project object */;
}
